
Microsoft Visual Studio Solution File, Format Version 12.00
# Visual Studio Version 16
VisualStudioVersion = 16.0.30804.86
MinimumVisualStudioVersion = 10.0.40219.1
Project("{BBD0F5D1-1CC4-42FD-BA4C-A96779C64378}") = "Orders", "Orders\Orders.synproj", "{8D020854-6CBE-4FA4-849B-59C2CB5FF2CB}"
EndProject
Project("{2150E333-8FDC-42A3-9474-1A3956D46DE8}") = "Solution Items", "Solution Items", "{38F1AFEB-0A31-4DB8-BA7B-8E4E9E0C27C8}"
	ProjectSection(SolutionItems) = preProject
		.gitignore = .gitignore
	EndProjectSection
EndProject
Global
	GlobalSection(SolutionConfigurationPlatforms) = preSolution
		Debug|x64 = Debug|x64
		Debug|x86 = Debug|x86
		Release|x64 = Release|x64
		Release|x86 = Release|x86
	EndGlobalSection
	GlobalSection(ProjectConfigurationPlatforms) = postSolution
		{8D020854-6CBE-4FA4-849B-59C2CB5FF2CB}.Debug|x64.ActiveCfg = Debug|x64
		{8D020854-6CBE-4FA4-849B-59C2CB5FF2CB}.Debug|x64.Build.0 = Debug|x64
		{8D020854-6CBE-4FA4-849B-59C2CB5FF2CB}.Debug|x86.ActiveCfg = Debug|x86
		{8D020854-6CBE-4FA4-849B-59C2CB5FF2CB}.Debug|x86.Build.0 = Debug|x86
		{8D020854-6CBE-4FA4-849B-59C2CB5FF2CB}.Release|x64.ActiveCfg = Release|x64
		{8D020854-6CBE-4FA4-849B-59C2CB5FF2CB}.Release|x64.Build.0 = Release|x64
		{8D020854-6CBE-4FA4-849B-59C2CB5FF2CB}.Release|x86.ActiveCfg = Release|x86
		{8D020854-6CBE-4FA4-849B-59C2CB5FF2CB}.Release|x86.Build.0 = Release|x86
	EndGlobalSection
	GlobalSection(SolutionProperties) = preSolution
		HideSolutionNode = FALSE
	EndGlobalSection
	GlobalSection(ExtensibilityGlobals) = postSolution
		SolutionGuid = {C3659318-4A82-46D4-BAFD-BAD7691789EB}
	EndGlobalSection
EndGlobal
